
Microsoft Visual Studio Solution File, Format Version 12.00
# Visual Studio 15
VisualStudioVersion = 15.0.26730.15
MinimumVisualStudioVersion = 10.0.40219.1
Project("{FAE04EC0-301F-11D3-BF4B-00C04F79EFBC}") = "EAD1Lab6", "EAD1Lab6\EAD1Lab6.csproj", "{33FE2CB7-77C4-474C-97E3-2BEC5E2B6BDF}"
EndProject
Global
	GlobalSection(SolutionConfigurationPlatforms) = preSolution
		Debug|Any CPU = Debug|Any CPU
		Release|Any CPU = Release|Any CPU
	EndGlobalSection
	GlobalSection(ProjectConfigurationPlatforms) = postSolution
		{33FE2CB7-77C4-474C-97E3-2BEC5E2B6BDF}.Debug|Any CPU.ActiveCfg = Debug|Any CPU
		{33FE2CB7-77C4-474C-97E3-2BEC5E2B6BDF}.Debug|Any CPU.Build.0 = Debug|Any CPU
		{33FE2CB7-77C4-474C-97E3-2BEC5E2B6BDF}.Release|Any CPU.ActiveCfg = Release|Any CPU
		{33FE2CB7-77C4-474C-97E3-2BEC5E2B6BDF}.Release|Any CPU.Build.0 = Release|Any CPU
	EndGlobalSection
	GlobalSection(SolutionProperties) = preSolution
		HideSolutionNode = FALSE
	EndGlobalSection
	GlobalSection(ExtensibilityGlobals) = postSolution
		SolutionGuid = {2A4A6D69-B44C-46B3-98EC-4AD6991FD58F}
	EndGlobalSection
EndGlobal
